
Microsoft Visual Studio Solution File, Format Version 12.00
# Visual Studio 2013
VisualStudioVersion = 12.0.21005.1
MinimumVisualStudioVersion = 10.0.40219.1
Project("{FAE04EC0-301F-11D3-BF4B-00C04F79EFBC}") = "2014118187-CON", "2014118187-CON\2014118187-CON.csproj", "{E83F9B8C-5EE4-4B48-A181-F86606439532}"
EndProject
Project("{FAE04EC0-301F-11D3-BF4B-00C04F79EFBC}") = "2014118187-ENT", "2014118187-ENT\2014118187-ENT.csproj", "{756824C1-276E-42E2-BF03-4856FE997890}"
EndProject
Project("{FAE04EC0-301F-11D3-BF4B-00C04F79EFBC}") = "2014118187-PER", "2014118187-PER\2014118187-PER.csproj", "{4820208A-FA47-4967-AA94-63891C2988F2}"
EndProject
Project("{FAE04EC0-301F-11D3-BF4B-00C04F79EFBC}") = "2014118187.MVC", "2014118187.MVC\2014118187.MVC.csproj", "{01368BFD-24DB-425B-990F-2D366C227D22}"
EndProject
Global
	GlobalSection(SolutionConfigurationPlatforms) = preSolution
		Debug|Any CPU = Debug|Any CPU
		Release|Any CPU = Release|Any CPU
	EndGlobalSection
	GlobalSection(ProjectConfigurationPlatforms) = postSolution
		{E83F9B8C-5EE4-4B48-A181-F86606439532}.Debug|Any CPU.ActiveCfg = Debug|Any CPU
		{E83F9B8C-5EE4-4B48-A181-F86606439532}.Debug|Any CPU.Build.0 = Debug|Any CPU
		{E83F9B8C-5EE4-4B48-A181-F86606439532}.Release|Any CPU.ActiveCfg = Release|Any CPU
		{E83F9B8C-5EE4-4B48-A181-F86606439532}.Release|Any CPU.Build.0 = Release|Any CPU
		{756824C1-276E-42E2-BF03-4856FE997890}.Debug|Any CPU.ActiveCfg = Debug|Any CPU
		{756824C1-276E-42E2-BF03-4856FE997890}.Debug|Any CPU.Build.0 = Debug|Any CPU
		{756824C1-276E-42E2-BF03-4856FE997890}.Release|Any CPU.ActiveCfg = Release|Any CPU
		{756824C1-276E-42E2-BF03-4856FE997890}.Release|Any CPU.Build.0 = Release|Any CPU
		{4820208A-FA47-4967-AA94-63891C2988F2}.Debug|Any CPU.ActiveCfg = Debug|Any CPU
		{4820208A-FA47-4967-AA94-63891C2988F2}.Debug|Any CPU.Build.0 = Debug|Any CPU
		{4820208A-FA47-4967-AA94-63891C2988F2}.Release|Any CPU.ActiveCfg = Release|Any CPU
		{4820208A-FA47-4967-AA94-63891C2988F2}.Release|Any CPU.Build.0 = Release|Any CPU
		{01368BFD-24DB-425B-990F-2D366C227D22}.Debug|Any CPU.ActiveCfg = Debug|Any CPU
		{01368BFD-24DB-425B-990F-2D366C227D22}.Debug|Any CPU.Build.0 = Debug|Any CPU
		{01368BFD-24DB-425B-990F-2D366C227D22}.Release|Any CPU.ActiveCfg = Release|Any CPU
		{01368BFD-24DB-425B-990F-2D366C227D22}.Release|Any CPU.Build.0 = Release|Any CPU
	EndGlobalSection
	GlobalSection(SolutionProperties) = preSolution
		HideSolutionNode = FALSE
	EndGlobalSection
EndGlobal
